
Microsoft Visual Studio Solution File, Format Version 12.00
# Visual Studio 2013
VisualStudioVersion = 12.0.31101.0
MinimumVisualStudioVersion = 10.0.40219.1
Project("{FAE04EC0-301F-11D3-BF4B-00C04F79EFBC}") = "ITACO_MVC", "ITACO_MVC\ITACO_MVC.csproj", "{96F90B80-04C9-4225-9CC3-0A7F2307D1B5}"
EndProject
Project("{FAE04EC0-301F-11D3-BF4B-00C04F79EFBC}") = "ITACO.DAL", "ITACO.DAL\ITACO.DAL.csproj", "{39C0A83C-45F7-499B-A89A-D4A9DB644B77}"
EndProject
Project("{FAE04EC0-301F-11D3-BF4B-00C04F79EFBC}") = "ITACO.Model", "ITACO.Model\ITACO.Model.csproj", "{9AE0014F-B650-409D-AD41-7973970AB5F2}"
EndProject
Project("{FAE04EC0-301F-11D3-BF4B-00C04F79EFBC}") = "ITACO.Controller", "ITACO.Controller\ITACO.Controller.csproj", "{6FE757E6-88F1-4B91-A08A-E5334EF96DA8}"
EndProject
Global
	GlobalSection(SolutionConfigurationPlatforms) = preSolution
		Debug|Any CPU = Debug|Any CPU
		Release|Any CPU = Release|Any CPU
	EndGlobalSection
	GlobalSection(ProjectConfigurationPlatforms) = postSolution
		{96F90B80-04C9-4225-9CC3-0A7F2307D1B5}.Debug|Any CPU.ActiveCfg = Debug|Any CPU
		{96F90B80-04C9-4225-9CC3-0A7F2307D1B5}.Debug|Any CPU.Build.0 = Debug|Any CPU
		{96F90B80-04C9-4225-9CC3-0A7F2307D1B5}.Release|Any CPU.ActiveCfg = Release|Any CPU
		{96F90B80-04C9-4225-9CC3-0A7F2307D1B5}.Release|Any CPU.Build.0 = Release|Any CPU
		{39C0A83C-45F7-499B-A89A-D4A9DB644B77}.Debug|Any CPU.ActiveCfg = Debug|Any CPU
		{39C0A83C-45F7-499B-A89A-D4A9DB644B77}.Debug|Any CPU.Build.0 = Debug|Any CPU
		{39C0A83C-45F7-499B-A89A-D4A9DB644B77}.Release|Any CPU.ActiveCfg = Release|Any CPU
		{39C0A83C-45F7-499B-A89A-D4A9DB644B77}.Release|Any CPU.Build.0 = Release|Any CPU
		{9AE0014F-B650-409D-AD41-7973970AB5F2}.Debug|Any CPU.ActiveCfg = Debug|Any CPU
		{9AE0014F-B650-409D-AD41-7973970AB5F2}.Debug|Any CPU.Build.0 = Debug|Any CPU
		{9AE0014F-B650-409D-AD41-7973970AB5F2}.Release|Any CPU.ActiveCfg = Release|Any CPU
		{9AE0014F-B650-409D-AD41-7973970AB5F2}.Release|Any CPU.Build.0 = Release|Any CPU
		{6FE757E6-88F1-4B91-A08A-E5334EF96DA8}.Debug|Any CPU.ActiveCfg = Debug|Any CPU
		{6FE757E6-88F1-4B91-A08A-E5334EF96DA8}.Debug|Any CPU.Build.0 = Debug|Any CPU
		{6FE757E6-88F1-4B91-A08A-E5334EF96DA8}.Release|Any CPU.ActiveCfg = Release|Any CPU
		{6FE757E6-88F1-4B91-A08A-E5334EF96DA8}.Release|Any CPU.Build.0 = Release|Any CPU
	EndGlobalSection
	GlobalSection(SolutionProperties) = preSolution
		HideSolutionNode = FALSE
	EndGlobalSection
EndGlobal
